
Microsoft Visual Studio Solution File, Format Version 12.00
# Visual Studio Version 17
VisualStudioVersion = 17.1.32328.378
MinimumVisualStudioVersion = 10.0.40219.1
Project("{2150E333-8FDC-42A3-9474-1A3956D46DE8}") = "Systems", "Systems", "{D0B9C117-DEAD-400A-B563-919BA5C4FCA2}"
EndProject
Project("{2150E333-8FDC-42A3-9474-1A3956D46DE8}") = "Api", "Api", "{397CFBA7-A712-4918-AB9C-B0EB07296027}"
EndProject
Project("{9A19103F-16F7-4668-BE54-9A1E7A4F7556}") = "NeedACourse.Api", "Systems\Api\NeedACourse.Api\NeedACourse.Api.csproj", "{AE65333A-BE7E-40A7-BDBB-AC01606B8194}"
EndProject
Project("{2150E333-8FDC-42A3-9474-1A3956D46DE8}") = "Shared", "Shared", "{333BFA44-820F-44AE-A7C6-682F258D2CC0}"
EndProject
Project("{9A19103F-16F7-4668-BE54-9A1E7A4F7556}") = "NeedACourse.Common", "Shared\NeedACourse.Shared.Common\NeedACourse.Common.csproj", "{C82E21A1-42E0-498C-81B7-618BB8B6E402}"
EndProject
Project("{2150E333-8FDC-42A3-9474-1A3956D46DE8}") = "Identity", "Identity", "{00CF5B1A-8184-4165-9273-C6BC7509FF2E}"
EndProject
Project("{9A19103F-16F7-4668-BE54-9A1E7A4F7556}") = "NeedACourse.Identity", "Systems\Identity\NeedACourse.Identity\NeedACourse.Identity.csproj", "{F54C1F31-2536-4432-A423-8DD26DE173EC}"
EndProject
Project("{2150E333-8FDC-42A3-9474-1A3956D46DE8}") = "Services", "Services", "{B3C43824-E04F-41BF-AC03-E244E9A52E08}"
EndProject
Project("{2150E333-8FDC-42A3-9474-1A3956D46DE8}") = "Data", "Data", "{8DE87A5C-7B2E-411F-8CD5-C7C2BDFA9728}"
EndProject
Project("{E53339B2-1760-4266-BCC7-CA923CBCF16C}") = "docker-compose", "docker-compose.dcproj", "{D2948836-4F22-4532-919B-982756AAECA0}"
EndProject
Project("{9A19103F-16F7-4668-BE54-9A1E7A4F7556}") = "NeedACourse.Db.Context", "Data\NeedACourse.Db.Context\NeedACourse.Db.Context.csproj", "{4D8BC416-8D43-416D-BE31-2738435F0C16}"
EndProject
Project("{9A19103F-16F7-4668-BE54-9A1E7A4F7556}") = "NeedACourse.Db.Entities", "Data\NeedACourse.Db.Entities\NeedACourse.Db.Entities.csproj", "{488223F9-5C8B-451F-A558-24E6EF292232}"
EndProject
Project("{9A19103F-16F7-4668-BE54-9A1E7A4F7556}") = "NeedACourse.Services.AuthorService", "Services\NeedACourse.Services.AuthorService\NeedACourse.Services.AuthorService.csproj", "{F22C5609-F86A-4A86-A97E-AF4CA828251E}"
EndProject
Project("{9A19103F-16F7-4668-BE54-9A1E7A4F7556}") = "NeedACourse.Services.CustomerService", "Services\NeedACourse.Services.CustomerService\NeedACourse.Services.CustomerService.csproj", "{E43F2CE3-3B94-41DA-A18A-A7624DAC69A6}"
EndProject
Project("{9A19103F-16F7-4668-BE54-9A1E7A4F7556}") = "NeedACourse.Services.OrderService", "Services\NeedACourse.Services.OrderService\NeedACourse.Services.OrderService.csproj", "{D51071F2-3FD7-4DB6-988D-E6E859420BA4}"
EndProject
Project("{9A19103F-16F7-4668-BE54-9A1E7A4F7556}") = "NeedACourse.Settings", "Shared\NeedACourse.Settings\NeedACourse.Settings.csproj", "{AD724450-8271-4CDC-B0A9-E957E9B723C8}"
EndProject
Global
	GlobalSection(SolutionConfigurationPlatforms) = preSolution
		Debug|Any CPU = Debug|Any CPU
		Release|Any CPU = Release|Any CPU
	EndGlobalSection
	GlobalSection(ProjectConfigurationPlatforms) = postSolution
		{AE65333A-BE7E-40A7-BDBB-AC01606B8194}.Debug|Any CPU.ActiveCfg = Debug|Any CPU
		{AE65333A-BE7E-40A7-BDBB-AC01606B8194}.Debug|Any CPU.Build.0 = Debug|Any CPU
		{AE65333A-BE7E-40A7-BDBB-AC01606B8194}.Release|Any CPU.ActiveCfg = Release|Any CPU
		{AE65333A-BE7E-40A7-BDBB-AC01606B8194}.Release|Any CPU.Build.0 = Release|Any CPU
		{C82E21A1-42E0-498C-81B7-618BB8B6E402}.Debug|Any CPU.ActiveCfg = Debug|Any CPU
		{C82E21A1-42E0-498C-81B7-618BB8B6E402}.Debug|Any CPU.Build.0 = Debug|Any CPU
		{C82E21A1-42E0-498C-81B7-618BB8B6E402}.Release|Any CPU.ActiveCfg = Release|Any CPU
		{C82E21A1-42E0-498C-81B7-618BB8B6E402}.Release|Any CPU.Build.0 = Release|Any CPU
		{F54C1F31-2536-4432-A423-8DD26DE173EC}.Debug|Any CPU.ActiveCfg = Debug|Any CPU
		{F54C1F31-2536-4432-A423-8DD26DE173EC}.Debug|Any CPU.Build.0 = Debug|Any CPU
		{F54C1F31-2536-4432-A423-8DD26DE173EC}.Release|Any CPU.ActiveCfg = Release|Any CPU
		{F54C1F31-2536-4432-A423-8DD26DE173EC}.Release|Any CPU.Build.0 = Release|Any CPU
		{D2948836-4F22-4532-919B-982756AAECA0}.Debug|Any CPU.ActiveCfg = Debug|Any CPU
		{D2948836-4F22-4532-919B-982756AAECA0}.Debug|Any CPU.Build.0 = Debug|Any CPU
		{D2948836-4F22-4532-919B-982756AAECA0}.Release|Any CPU.ActiveCfg = Release|Any CPU
		{D2948836-4F22-4532-919B-982756AAECA0}.Release|Any CPU.Build.0 = Release|Any CPU
		{4D8BC416-8D43-416D-BE31-2738435F0C16}.Debug|Any CPU.ActiveCfg = Debug|Any CPU
		{4D8BC416-8D43-416D-BE31-2738435F0C16}.Debug|Any CPU.Build.0 = Debug|Any CPU
		{4D8BC416-8D43-416D-BE31-2738435F0C16}.Release|Any CPU.ActiveCfg = Release|Any CPU
		{4D8BC416-8D43-416D-BE31-2738435F0C16}.Release|Any CPU.Build.0 = Release|Any CPU
		{488223F9-5C8B-451F-A558-24E6EF292232}.Debug|Any CPU.ActiveCfg = Debug|Any CPU
		{488223F9-5C8B-451F-A558-24E6EF292232}.Debug|Any CPU.Build.0 = Debug|Any CPU
		{488223F9-5C8B-451F-A558-24E6EF292232}.Release|Any CPU.ActiveCfg = Release|Any CPU
		{488223F9-5C8B-451F-A558-24E6EF292232}.Release|Any CPU.Build.0 = Release|Any CPU
		{F22C5609-F86A-4A86-A97E-AF4CA828251E}.Debug|Any CPU.ActiveCfg = Debug|Any CPU
		{F22C5609-F86A-4A86-A97E-AF4CA828251E}.Debug|Any CPU.Build.0 = Debug|Any CPU
		{F22C5609-F86A-4A86-A97E-AF4CA828251E}.Release|Any CPU.ActiveCfg = Release|Any CPU
		{F22C5609-F86A-4A86-A97E-AF4CA828251E}.Release|Any CPU.Build.0 = Release|Any CPU
		{E43F2CE3-3B94-41DA-A18A-A7624DAC69A6}.Debug|Any CPU.ActiveCfg = Debug|Any CPU
		{E43F2CE3-3B94-41DA-A18A-A7624DAC69A6}.Debug|Any CPU.Build.0 = Debug|Any CPU
		{E43F2CE3-3B94-41DA-A18A-A7624DAC69A6}.Release|Any CPU.ActiveCfg = Release|Any CPU
		{E43F2CE3-3B94-41DA-A18A-A7624DAC69A6}.Release|Any CPU.Build.0 = Release|Any CPU
		{D51071F2-3FD7-4DB6-988D-E6E859420BA4}.Debug|Any CPU.ActiveCfg = Debug|Any CPU
		{D51071F2-3FD7-4DB6-988D-E6E859420BA4}.Debug|Any CPU.Build.0 = Debug|Any CPU
		{D51071F2-3FD7-4DB6-988D-E6E859420BA4}.Release|Any CPU.ActiveCfg = Release|Any CPU
		{D51071F2-3FD7-4DB6-988D-E6E859420BA4}.Release|Any CPU.Build.0 = Release|Any CPU
		{AD724450-8271-4CDC-B0A9-E957E9B723C8}.Debug|Any CPU.ActiveCfg = Debug|Any CPU
		{AD724450-8271-4CDC-B0A9-E957E9B723C8}.Debug|Any CPU.Build.0 = Debug|Any CPU
		{AD724450-8271-4CDC-B0A9-E957E9B723C8}.Release|Any CPU.ActiveCfg = Release|Any CPU
		{AD724450-8271-4CDC-B0A9-E957E9B723C8}.Release|Any CPU.Build.0 = Release|Any CPU
	EndGlobalSection
	GlobalSection(SolutionProperties) = preSolution
		HideSolutionNode = FALSE
	EndGlobalSection
	GlobalSection(NestedProjects) = preSolution
		{397CFBA7-A712-4918-AB9C-B0EB07296027} = {D0B9C117-DEAD-400A-B563-919BA5C4FCA2}
		{AE65333A-BE7E-40A7-BDBB-AC01606B8194} = {397CFBA7-A712-4918-AB9C-B0EB07296027}
		{C82E21A1-42E0-498C-81B7-618BB8B6E402} = {333BFA44-820F-44AE-A7C6-682F258D2CC0}
		{00CF5B1A-8184-4165-9273-C6BC7509FF2E} = {D0B9C117-DEAD-400A-B563-919BA5C4FCA2}
		{F54C1F31-2536-4432-A423-8DD26DE173EC} = {00CF5B1A-8184-4165-9273-C6BC7509FF2E}
		{4D8BC416-8D43-416D-BE31-2738435F0C16} = {8DE87A5C-7B2E-411F-8CD5-C7C2BDFA9728}
		{488223F9-5C8B-451F-A558-24E6EF292232} = {8DE87A5C-7B2E-411F-8CD5-C7C2BDFA9728}
		{F22C5609-F86A-4A86-A97E-AF4CA828251E} = {B3C43824-E04F-41BF-AC03-E244E9A52E08}
		{E43F2CE3-3B94-41DA-A18A-A7624DAC69A6} = {B3C43824-E04F-41BF-AC03-E244E9A52E08}
		{D51071F2-3FD7-4DB6-988D-E6E859420BA4} = {B3C43824-E04F-41BF-AC03-E244E9A52E08}
		{AD724450-8271-4CDC-B0A9-E957E9B723C8} = {333BFA44-820F-44AE-A7C6-682F258D2CC0}
	EndGlobalSection
	GlobalSection(ExtensibilityGlobals) = postSolution
		SolutionGuid = {06716035-D769-4DA8-BC05-1919DFA705F8}
	EndGlobalSection
EndGlobal
